// !$*UTF8*$!
{
	archiveVersion = 1;
	classes = {
	};
	objectVersion = 48;
	objects = {

/* Begin PBXGroup section */
		8595C9C82029BB1600E5E3C3 = {
			isa = PBXGroup;
			children = (
			);
			sourceTree = "<group>";
		};
/* End PBXGroup section */

/* Begin PBXProject section */
		8595C9C92029BB1600E5E3C3 /* Project object */ = {
			isa = PBXProject;
			attributes = {
				LastUpgradeCheck = 0920;
			};
			buildConfigurationList = 8595C9CC2029BB1600E5E3C3 /* Build configuration list for PBXProject "Restic Docker Image" */;
			compatibilityVersion = "Xcode 8.0";
			developmentRegion = en;
			hasScannedForEncodings = 0;
			knownRegions = (
				en,
			);
			mainGroup = 8595C9C82029BB1600E5E3C3;
			projectDirPath = "";
			projectRoot = "";
			targets = (
			);
		};
/* End PBXProject section */

/* Begin XCBuildConfiguration section */
		8595C9CD2029BB1600E5E3C3 /* Debug */ = {
			isa = XCBuildConfiguration;
			buildSettings = {
			};
			name = Debug;
		};
		8595C9CE2029BB1600E5E3C3 /* Release */ = {
			isa = XCBuildConfiguration;
			buildSettings = {
			};
			name = Release;
		};
/* End XCBuildConfiguration section */

/* Begin XCConfigurationList section */
		8595C9CC2029BB1600E5E3C3 /* Build configuration list for PBXProject "Restic Docker Image" */ = {
			isa = XCConfigurationList;
			buildConfigurations = (
				8595C9CD2029BB1600E5E3C3 /* Debug */,
				8595C9CE2029BB1600E5E3C3 /* Release */,
			);
			defaultConfigurationIsVisible = 0;
			defaultConfigurationName = Release;
		};
/* End XCConfigurationList section */
	};
	rootObject = 8595C9C92029BB1600E5E3C3 /* Project object */;
}
